
Microsoft Visual Studio Solution File, Format Version 12.00
# Visual Studio 2012
Project("{FAE04EC0-301F-11D3-BF4B-00C04F79EFBC}") = "01.CreateStructPoint3D", "01.CreateStructPoint3D\01.CreateStructPoint3D.csproj", "{FAE19EAA-232C-4FD5-98D1-92E67F4E3682}"
EndProject
Project("{FAE04EC0-301F-11D3-BF4B-00C04F79EFBC}") = "0001.Temp", "0001.Temp\0001.Temp.csproj", "{DB31DA6A-786A-4549-94C2-C22639BBFA1D}"
EndProject
Global
	GlobalSection(TeamFoundationVersionControl) = preSolution
		SccNumberOfProjects = 3
		SccEnterpriseProvider = {4CA58AB2-18FA-4F8D-95D4-32DDF27D184C}
		SccTeamFoundationServer = https://luzterin.visualstudio.com/defaultcollection
		SccLocalPath0 = .
		SccProjectUniqueName1 = 01.CreateStructPoint3D\\01.CreateStructPoint3D.csproj
		SccProjectName1 = 01.CreateStructPoint3D
		SccLocalPath1 = 01.CreateStructPoint3D
		SccProjectUniqueName2 = 0001.Temp\\0001.Temp.csproj
		SccProjectName2 = 0001.Temp
		SccLocalPath2 = 0001.Temp
	EndGlobalSection
	GlobalSection(SolutionConfigurationPlatforms) = preSolution
		Debug|Any CPU = Debug|Any CPU
		Release|Any CPU = Release|Any CPU
	EndGlobalSection
	GlobalSection(ProjectConfigurationPlatforms) = postSolution
		{FAE19EAA-232C-4FD5-98D1-92E67F4E3682}.Debug|Any CPU.ActiveCfg = Debug|Any CPU
		{FAE19EAA-232C-4FD5-98D1-92E67F4E3682}.Debug|Any CPU.Build.0 = Debug|Any CPU
		{FAE19EAA-232C-4FD5-98D1-92E67F4E3682}.Release|Any CPU.ActiveCfg = Release|Any CPU
		{FAE19EAA-232C-4FD5-98D1-92E67F4E3682}.Release|Any CPU.Build.0 = Release|Any CPU
		{DB31DA6A-786A-4549-94C2-C22639BBFA1D}.Debug|Any CPU.ActiveCfg = Debug|Any CPU
		{DB31DA6A-786A-4549-94C2-C22639BBFA1D}.Debug|Any CPU.Build.0 = Debug|Any CPU
		{DB31DA6A-786A-4549-94C2-C22639BBFA1D}.Release|Any CPU.ActiveCfg = Release|Any CPU
		{DB31DA6A-786A-4549-94C2-C22639BBFA1D}.Release|Any CPU.Build.0 = Release|Any CPU
	EndGlobalSection
	GlobalSection(SolutionProperties) = preSolution
		HideSolutionNode = FALSE
	EndGlobalSection
EndGlobal
